{
    "_readme": [
        "This file locks the dependencies of your project to a known state",
        "Read more about it at https://getcomposer.org/doc/01-basic-usage.md#installing-dependencies",
        "This file is @generated automatically"
    ],
    "content-hash": "afb1eadea23e92544ec496a3f70a1843",
    "packages": [
        {
            "name": "buzzz/api",
            "version": "1.0.4",
            "source": {
                "type": "git",
                "url": "https://github.com/dpmaster/buzzz-api.git",
                "reference": "635878d00f11202145e2987d3a91edd4ac9b7c24"
            },
            "dist": {
                "type": "zip",
                "url": "https://api.github.com/repos/dpmaster/buzzz-api/zipball/635878d00f11202145e2987d3a91edd4ac9b7c24",
                "reference": "635878d00f11202145e2987d3a91edd4ac9b7c24",
                "shasum": ""
            },
            "require": {
                "php": "^7.0"
            },
            "type": "library",
            "autoload": {
                "psr-4": {
                    "Buzzz\\Api\\": "src/"
                }
            },
            "notification-url": "https://packagist.org/downloads/",
            "license": [
                "MIT"
            ],
            "description": "Fast api",
            "keywords": [
                "PHP API"
            ],
            "time": "2019-05-05T17:21:48+00:00"
        }
    ],
    "packages-dev": [],
    "aliases": [],
    "minimum-stability": "stable",
    "stability-flags": [],
    "prefer-stable": false,
    "prefer-lowest": false,
    "platform": [],
    "platform-dev": []
}
